
Microsoft Visual Studio Solution File, Format Version 12.00
# Visual Studio Version 17
VisualStudioVersion = 17.11.35327.3
MinimumVisualStudioVersion = 10.0.40219.1
Project("{FAE04EC0-301F-11D3-BF4B-00C04F79EFBC}") = "Ecommerce.API", "Ecommerce.API\Ecommerce.API.csproj", "{4DB1D9D2-85E6-42C1-8FB7-6CD659A1826B}"
EndProject
Project("{FAE04EC0-301F-11D3-BF4B-00C04F79EFBC}") = "Ecommerce.Core", "Core\Ecommerce.Core.csproj", "{A4AA3FB8-8990-4145-B535-FC1040EC4CB9}"
EndProject
Project("{FAE04EC0-301F-11D3-BF4B-00C04F79EFBC}") = "Ecommerce.Infrastructure", "Infrastructure\Ecommerce.Infrastructure.csproj", "{CE11B4CF-AC85-4141-B4D5-FA131C1820BB}"
EndProject
Project("{FAE04EC0-301F-11D3-BF4B-00C04F79EFBC}") = "Ecommerce.Test", "EcommerceApp.Test\Ecommerce.Test.csproj", "{BBAC236A-84BC-446B-8DF4-2735FB4ED93D}"
EndProject
Project("{2150E333-8FDC-42A3-9474-1A3956D46DE8}") = "Solution Items", "Solution Items", "{E7FE4503-CA6A-42FC-8B44-69664924EA69}"
	ProjectSection(SolutionItems) = preProject
		docker-compose.yml = docker-compose.yml
	EndProjectSection
EndProject
Global
	GlobalSection(SolutionConfigurationPlatforms) = preSolution
		Debug|Any CPU = Debug|Any CPU
		Release|Any CPU = Release|Any CPU
	EndGlobalSection
	GlobalSection(ProjectConfigurationPlatforms) = postSolution
		{4DB1D9D2-85E6-42C1-8FB7-6CD659A1826B}.Debug|Any CPU.ActiveCfg = Debug|Any CPU
		{4DB1D9D2-85E6-42C1-8FB7-6CD659A1826B}.Debug|Any CPU.Build.0 = Debug|Any CPU
		{4DB1D9D2-85E6-42C1-8FB7-6CD659A1826B}.Release|Any CPU.ActiveCfg = Release|Any CPU
		{4DB1D9D2-85E6-42C1-8FB7-6CD659A1826B}.Release|Any CPU.Build.0 = Release|Any CPU
		{A4AA3FB8-8990-4145-B535-FC1040EC4CB9}.Debug|Any CPU.ActiveCfg = Debug|Any CPU
		{A4AA3FB8-8990-4145-B535-FC1040EC4CB9}.Debug|Any CPU.Build.0 = Debug|Any CPU
		{A4AA3FB8-8990-4145-B535-FC1040EC4CB9}.Release|Any CPU.ActiveCfg = Release|Any CPU
		{A4AA3FB8-8990-4145-B535-FC1040EC4CB9}.Release|Any CPU.Build.0 = Release|Any CPU
		{CE11B4CF-AC85-4141-B4D5-FA131C1820BB}.Debug|Any CPU.ActiveCfg = Debug|Any CPU
		{CE11B4CF-AC85-4141-B4D5-FA131C1820BB}.Debug|Any CPU.Build.0 = Debug|Any CPU
		{CE11B4CF-AC85-4141-B4D5-FA131C1820BB}.Release|Any CPU.ActiveCfg = Release|Any CPU
		{CE11B4CF-AC85-4141-B4D5-FA131C1820BB}.Release|Any CPU.Build.0 = Release|Any CPU
		{BBAC236A-84BC-446B-8DF4-2735FB4ED93D}.Debug|Any CPU.ActiveCfg = Debug|Any CPU
		{BBAC236A-84BC-446B-8DF4-2735FB4ED93D}.Debug|Any CPU.Build.0 = Debug|Any CPU
		{BBAC236A-84BC-446B-8DF4-2735FB4ED93D}.Release|Any CPU.ActiveCfg = Release|Any CPU
		{BBAC236A-84BC-446B-8DF4-2735FB4ED93D}.Release|Any CPU.Build.0 = Release|Any CPU
	EndGlobalSection
	GlobalSection(SolutionProperties) = preSolution
		HideSolutionNode = FALSE
	EndGlobalSection
	GlobalSection(ExtensibilityGlobals) = postSolution
		SolutionGuid = {C00CC5E6-909C-404D-B591-CAF7C97C02CD}
	EndGlobalSection
EndGlobal
